<Solution>
  <Folder Name="/Solution Items/">
    <File Path=".github/copilot-instructions.md" />
    <File Path="LICENSE.txt" />
    <File Path="README.md" />
  </Folder>
  <Project Path="CDS.FluentHtmlReports.Tests/CDS.FluentHtmlReports.Tests.csproj" />
  <Project Path="CDS.FluentHtmlReports/CDS.FluentHtmlReports.csproj" />
  <Project Path="ConsoleTest/ConsoleTest.csproj" />
</Solution>
